
Microsoft Visual Studio Solution File, Format Version 12.00
# Visual Studio Version 17
VisualStudioVersion = 17.9.34902.65
MinimumVisualStudioVersion = 10.0.40219.1
Project("{FAE04EC0-301F-11D3-BF4B-00C04F79EFBC}") = "WpfApp1", "WpfApp1\WpfApp1.csproj", "{8453D0EC-8FBC-40AB-9B1D-B5B26C14E38F}"
EndProject
Global
	GlobalSection(SolutionConfigurationPlatforms) = preSolution
		Debug|Any CPU = Debug|Any CPU
		Release|Any CPU = Release|Any CPU
	EndGlobalSection
	GlobalSection(ProjectConfigurationPlatforms) = postSolution
		{8453D0EC-8FBC-40AB-9B1D-B5B26C14E38F}.Debug|Any CPU.ActiveCfg = Debug|Any CPU
		{8453D0EC-8FBC-40AB-9B1D-B5B26C14E38F}.Debug|Any CPU.Build.0 = Debug|Any CPU
		{8453D0EC-8FBC-40AB-9B1D-B5B26C14E38F}.Release|Any CPU.ActiveCfg = Release|Any CPU
		{8453D0EC-8FBC-40AB-9B1D-B5B26C14E38F}.Release|Any CPU.Build.0 = Release|Any CPU
	EndGlobalSection
	GlobalSection(SolutionProperties) = preSolution
		HideSolutionNode = FALSE
	EndGlobalSection
	GlobalSection(ExtensibilityGlobals) = postSolution
		SolutionGuid = {3D9E9D56-2D95-4F90-98A2-C888CD5D3E50}
	EndGlobalSection
EndGlobal
